
Microsoft Visual Studio Solution File, Format Version 12.00
# Visual Studio Version 17
VisualStudioVersion = 17.7.34018.315
MinimumVisualStudioVersion = 10.0.40219.1
Project("{9A19103F-16F7-4668-BE54-9A1E7A4F7556}") = "InvoiceSystem", "InvoiceSystem.csproj", "{1FB1DEAD-CD1F-4FC7-81E6-E9898D6DBF58}"
EndProject
Global
	GlobalSection(SolutionConfigurationPlatforms) = preSolution
		Debug|Any CPU = Debug|Any CPU
		Debug|x86 = Debug|x86
		Release|Any CPU = Release|Any CPU
		Release|x86 = Release|x86
	EndGlobalSection
	GlobalSection(ProjectConfigurationPlatforms) = postSolution
		{1FB1DEAD-CD1F-4FC7-81E6-E9898D6DBF58}.Debug|Any CPU.ActiveCfg = Debug|x86
		{1FB1DEAD-CD1F-4FC7-81E6-E9898D6DBF58}.Debug|Any CPU.Build.0 = Debug|x86
		{1FB1DEAD-CD1F-4FC7-81E6-E9898D6DBF58}.Debug|x86.ActiveCfg = Debug|x86
		{1FB1DEAD-CD1F-4FC7-81E6-E9898D6DBF58}.Debug|x86.Build.0 = Debug|x86
		{1FB1DEAD-CD1F-4FC7-81E6-E9898D6DBF58}.Release|Any CPU.ActiveCfg = Release|Any CPU
		{1FB1DEAD-CD1F-4FC7-81E6-E9898D6DBF58}.Release|Any CPU.Build.0 = Release|Any CPU
		{1FB1DEAD-CD1F-4FC7-81E6-E9898D6DBF58}.Release|x86.ActiveCfg = Release|x86
		{1FB1DEAD-CD1F-4FC7-81E6-E9898D6DBF58}.Release|x86.Build.0 = Release|x86
	EndGlobalSection
	GlobalSection(SolutionProperties) = preSolution
		HideSolutionNode = FALSE
	EndGlobalSection
	GlobalSection(ExtensibilityGlobals) = postSolution
		SolutionGuid = {FE063346-2CCB-47A5-8B92-4065986DB745}
	EndGlobalSection
EndGlobal
